
Microsoft Visual Studio Solution File, Format Version 12.00
# Visual Studio Version 16
VisualStudioVersion = 16.0.31624.102
MinimumVisualStudioVersion = 10.0.40219.1
Project("{FAE04EC0-301F-11D3-BF4B-00C04F79EFBC}") = "CamadaDeDados", "..\CRUD\CapaDatos\CamadaDeDados.csproj", "{360AA80E-D3D9-482C-B50D-B106676E4AE7}"
EndProject
Project("{FAE04EC0-301F-11D3-BF4B-00C04F79EFBC}") = "CamadaNegocio", "..\CRUD\CapaNegocio\CamadaNegocio.csproj", "{90671F18-3B92-49C7-81F0-21FFD477406D}"
EndProject
Project("{FAE04EC0-301F-11D3-BF4B-00C04F79EFBC}") = "CapaApresentacao", "..\CRUD\CapaPresentacion\CapaApresentacao.csproj", "{BFA533A2-F841-409B-98F3-0CB0BFCB1C97}"
EndProject
Project("{2150E333-8FDC-42A3-9474-1A3956D46DE8}") = "Solution Items", "Solution Items", "{02C7A78B-7EB2-40AB-8081-AE091CC0BFD3}"
EndProject
Project("{FAE04EC0-301F-11D3-BF4B-00C04F79EFBC}") = "JK System", "Jk_System\JK System.csproj", "{2C6921B3-8558-4914-8254-11C9EE505B00}"
EndProject
Project("{54435603-DBB4-11D2-8724-00A0C9A8B90C}") = "Premium seg", "Premium seg\Premium seg.vdproj", "{26D1A5C6-9DFF-4360-B1A8-2E27F2EDB382}"
EndProject
Global
	GlobalSection(SolutionConfigurationPlatforms) = preSolution
		Debug|Any CPU = Debug|Any CPU
		Release|Any CPU = Release|Any CPU
	EndGlobalSection
	GlobalSection(ProjectConfigurationPlatforms) = postSolution
		{360AA80E-D3D9-482C-B50D-B106676E4AE7}.Debug|Any CPU.ActiveCfg = Debug|Any CPU
		{360AA80E-D3D9-482C-B50D-B106676E4AE7}.Debug|Any CPU.Build.0 = Debug|Any CPU
		{360AA80E-D3D9-482C-B50D-B106676E4AE7}.Release|Any CPU.ActiveCfg = Release|Any CPU
		{360AA80E-D3D9-482C-B50D-B106676E4AE7}.Release|Any CPU.Build.0 = Release|Any CPU
		{90671F18-3B92-49C7-81F0-21FFD477406D}.Debug|Any CPU.ActiveCfg = Debug|Any CPU
		{90671F18-3B92-49C7-81F0-21FFD477406D}.Debug|Any CPU.Build.0 = Debug|Any CPU
		{90671F18-3B92-49C7-81F0-21FFD477406D}.Release|Any CPU.ActiveCfg = Release|Any CPU
		{90671F18-3B92-49C7-81F0-21FFD477406D}.Release|Any CPU.Build.0 = Release|Any CPU
		{BFA533A2-F841-409B-98F3-0CB0BFCB1C97}.Debug|Any CPU.ActiveCfg = Debug|Any CPU
		{BFA533A2-F841-409B-98F3-0CB0BFCB1C97}.Debug|Any CPU.Build.0 = Debug|Any CPU
		{BFA533A2-F841-409B-98F3-0CB0BFCB1C97}.Release|Any CPU.ActiveCfg = Release|Any CPU
		{BFA533A2-F841-409B-98F3-0CB0BFCB1C97}.Release|Any CPU.Build.0 = Release|Any CPU
		{2C6921B3-8558-4914-8254-11C9EE505B00}.Debug|Any CPU.ActiveCfg = Debug|Any CPU
		{2C6921B3-8558-4914-8254-11C9EE505B00}.Debug|Any CPU.Build.0 = Debug|Any CPU
		{2C6921B3-8558-4914-8254-11C9EE505B00}.Release|Any CPU.ActiveCfg = Release|Any CPU
		{2C6921B3-8558-4914-8254-11C9EE505B00}.Release|Any CPU.Build.0 = Release|Any CPU
		{26D1A5C6-9DFF-4360-B1A8-2E27F2EDB382}.Debug|Any CPU.ActiveCfg = Debug
		{26D1A5C6-9DFF-4360-B1A8-2E27F2EDB382}.Release|Any CPU.ActiveCfg = Release
	EndGlobalSection
	GlobalSection(SolutionProperties) = preSolution
		HideSolutionNode = FALSE
	EndGlobalSection
	GlobalSection(ExtensibilityGlobals) = postSolution
		SolutionGuid = {BC4BB9EF-AEB0-405C-9CDF-7F985F5ECAB9}
	EndGlobalSection
EndGlobal
